// !$*UTF8*$!
{
	archiveVersion = 1;
	classes = {
	};
	objectVersion = 50;
	objects = {

/* Begin PBXBuildFile section */
		07163B81215C372A00FE2EF9 /* UserVC.swift in Sources */ = {isa = PBXBuildFile; fileRef = 07163B80215C372A00FE2EF9 /* UserVC.swift */; };
		07163B83215DC48B00FE2EF9 /* TabBarController.swift in Sources */ = {isa = PBXBuildFile; fileRef = 07163B82215DC48B00FE2EF9 /* TabBarController.swift */; };
		07163B87215F3C2800FE2EF9 /* UserInfoCell.swift in Sources */ = {isa = PBXBuildFile; fileRef = 07163B86215F3C2800FE2EF9 /* UserInfoCell.swift */; };
		07163B89215FEEE200FE2EF9 /* ConnectCell.swift in Sources */ = {isa = PBXBuildFile; fileRef = 07163B88215FEEE200FE2EF9 /* ConnectCell.swift */; };
		07163B8B215FEF9200FE2EF9 /* Connect.swift in Sources */ = {isa = PBXBuildFile; fileRef = 07163B8A215FEF9200FE2EF9 /* Connect.swift */; };
		07163B8D215FF4F900FE2EF9 /* ConnectVC.swift in Sources */ = {isa = PBXBuildFile; fileRef = 07163B8C215FF4F900FE2EF9 /* ConnectVC.swift */; };
		07163B9421601BC500FE2EF9 /* MessageVC.swift in Sources */ = {isa = PBXBuildFile; fileRef = 07163B9321601BC500FE2EF9 /* MessageVC.swift */; };
		07163B9621602D8400FE2EF9 /* Message.swift in Sources */ = {isa = PBXBuildFile; fileRef = 07163B9521602D8400FE2EF9 /* Message.swift */; };
		07163B982160309300FE2EF9 /* MessageCell.swift in Sources */ = {isa = PBXBuildFile; fileRef = 07163B972160309300FE2EF9 /* MessageCell.swift */; };
		07163B9A216031BD00FE2EF9 /* MessageView.swift in Sources */ = {isa = PBXBuildFile; fileRef = 07163B99216031BD00FE2EF9 /* MessageView.swift */; };
		07163B9C2162846C00FE2EF9 /* CellNotificationView.swift in Sources */ = {isa = PBXBuildFile; fileRef = 07163B9B2162846C00FE2EF9 /* CellNotificationView.swift */; };
		075033502150082600AA6077 /* SignUpVC.swift in Sources */ = {isa = PBXBuildFile; fileRef = 0750334F2150082600AA6077 /* SignUpVC.swift */; };
		0750335221500B9C00AA6077 /* FeedVC.swift in Sources */ = {isa = PBXBuildFile; fileRef = 0750335121500B9C00AA6077 /* FeedVC.swift */; };
		07664059215551DC003A075F /* Post.swift in Sources */ = {isa = PBXBuildFile; fileRef = 07664058215551DC003A075F /* Post.swift */; };
		0766405B215566C1003A075F /* PostCell.swift in Sources */ = {isa = PBXBuildFile; fileRef = 0766405A215566C1003A075F /* PostCell.swift */; };
		0766405D2159552E003A075F /* ComposeVC.swift in Sources */ = {isa = PBXBuildFile; fileRef = 0766405C2159552E003A075F /* ComposeVC.swift */; };
		0766405F215C2D62003A075F /* RoundedButton.swift in Sources */ = {isa = PBXBuildFile; fileRef = 0766405E215C2D62003A075F /* RoundedButton.swift */; };
		0768AC56214A0CDE004E1B57 /* AppDelegate.swift in Sources */ = {isa = PBXBuildFile; fileRef = 0768AC55214A0CDE004E1B57 /* AppDelegate.swift */; };
		0768AC5B214A0CDE004E1B57 /* Main.storyboard in Resources */ = {isa = PBXBuildFile; fileRef = 0768AC59214A0CDE004E1B57 /* Main.storyboard */; };
		0768AC5D214A0CE2004E1B57 /* Assets.xcassets in Resources */ = {isa = PBXBuildFile; fileRef = 0768AC5C214A0CE2004E1B57 /* Assets.xcassets */; };
		0768AC60214A0CE2004E1B57 /* LaunchScreen.storyboard in Resources */ = {isa = PBXBuildFile; fileRef = 0768AC5E214A0CE2004E1B57 /* LaunchScreen.storyboard */; };
		0768AC6B214A0CE2004E1B57 /* gibberTests.swift in Sources */ = {isa = PBXBuildFile; fileRef = 0768AC6A214A0CE2004E1B57 /* gibberTests.swift */; };
		0768AC76214A0CE2004E1B57 /* gibberUITests.swift in Sources */ = {isa = PBXBuildFile; fileRef = 0768AC75214A0CE2004E1B57 /* gibberUITests.swift */; };
		0768AC86214A1CE2004E1B57 /* Podfile in Resources */ = {isa = PBXBuildFile; fileRef = 0768AC85214A1CE2004E1B57 /* Podfile */; };
		0768AC8A214A204D004E1B57 /* GoogleService-Info.plist in Resources */ = {isa = PBXBuildFile; fileRef = 0768AC89214A204D004E1B57 /* GoogleService-Info.plist */; };
		0768AC8B214A205B004E1B57 /* GoogleService-Info.plist in Resources */ = {isa = PBXBuildFile; fileRef = 0768AC89214A204D004E1B57 /* GoogleService-Info.plist */; };
		0768AC8C214A205C004E1B57 /* GoogleService-Info.plist in Resources */ = {isa = PBXBuildFile; fileRef = 0768AC89214A204D004E1B57 /* GoogleService-Info.plist */; };
		0768ACCC214ADB70004E1B57 /* LoginViewController.swift in Sources */ = {isa = PBXBuildFile; fileRef = 0768ACCB214ADB70004E1B57 /* LoginViewController.swift */; };
		0789254021520C66004D02F1 /* UserProfile.swift in Sources */ = {isa = PBXBuildFile; fileRef = 0789253F21520C66004D02F1 /* UserProfile.swift */; };
		85F19192F7D57B7A5471DBED /* Pods_SubMeet.framework in Frameworks */ = {isa = PBXBuildFile; fileRef = D2D3B646CC993505526B2DB3 /* Pods_SubMeet.framework */; };
/* End PBXBuildFile section */

/* Begin PBXContainerItemProxy section */
		0768AC67214A0CE2004E1B57 /* PBXContainerItemProxy */ = {
			isa = PBXContainerItemProxy;
			containerPortal = 0768AC4A214A0CDD004E1B57 /* Project object */;
			proxyType = 1;
			remoteGlobalIDString = 0768AC51214A0CDE004E1B57;
			remoteInfo = gibber;
		};
		0768AC72214A0CE2004E1B57 /* PBXContainerItemProxy */ = {
			isa = PBXContainerItemProxy;
			containerPortal = 0768AC4A214A0CDD004E1B57 /* Project object */;
			proxyType = 1;
			remoteGlobalIDString = 0768AC51214A0CDE004E1B57;
			remoteInfo = gibber;
		};
/* End PBXContainerItemProxy section */

/* Begin PBXFileReference section */
		07163B80215C372A00FE2EF9 /* UserVC.swift */ = {isa = PBXFileReference; lastKnownFileType = sourcecode.swift; path = UserVC.swift; sourceTree = "<group>"; };
		07163B82215DC48B00FE2EF9 /* TabBarController.swift */ = {isa = PBXFileReference; lastKnownFileType = sourcecode.swift; path = TabBarController.swift; sourceTree = "<group>"; };
		07163B86215F3C2800FE2EF9 /* UserInfoCell.swift */ = {isa = PBXFileReference; lastKnownFileType = sourcecode.swift; path = UserInfoCell.swift; sourceTree = "<group>"; };
		07163B88215FEEE200FE2EF9 /* ConnectCell.swift */ = {isa = PBXFileReference; lastKnownFileType = sourcecode.swift; path = ConnectCell.swift; sourceTree = "<group>"; };
		07163B8A215FEF9200FE2EF9 /* Connect.swift */ = {isa = PBXFileReference; lastKnownFileType = sourcecode.swift; path = Connect.swift; sourceTree = "<group>"; };
		07163B8C215FF4F900FE2EF9 /* ConnectVC.swift */ = {isa = PBXFileReference; lastKnownFileType = sourcecode.swift; path = ConnectVC.swift; sourceTree = "<group>"; };
		07163B9321601BC500FE2EF9 /* MessageVC.swift */ = {isa = PBXFileReference; lastKnownFileType = sourcecode.swift; path = MessageVC.swift; sourceTree = "<group>"; };
		07163B9521602D8400FE2EF9 /* Message.swift */ = {isa = PBXFileReference; lastKnownFileType = sourcecode.swift; path = Message.swift; sourceTree = "<group>"; };
		07163B972160309300FE2EF9 /* MessageCell.swift */ = {isa = PBXFileReference; lastKnownFileType = sourcecode.swift; path = MessageCell.swift; sourceTree = "<group>"; };
		07163B99216031BD00FE2EF9 /* MessageView.swift */ = {isa = PBXFileReference; lastKnownFileType = sourcecode.swift; path = MessageView.swift; sourceTree = "<group>"; };
		07163B9B2162846C00FE2EF9 /* CellNotificationView.swift */ = {isa = PBXFileReference; lastKnownFileType = sourcecode.swift; path = CellNotificationView.swift; sourceTree = "<group>"; };
		0750334F2150082600AA6077 /* SignUpVC.swift */ = {isa = PBXFileReference; lastKnownFileType = sourcecode.swift; path = SignUpVC.swift; sourceTree = "<group>"; };
		0750335121500B9C00AA6077 /* FeedVC.swift */ = {isa = PBXFileReference; lastKnownFileType = sourcecode.swift; path = FeedVC.swift; sourceTree = "<group>"; };
		07664058215551DC003A075F /* Post.swift */ = {isa = PBXFileReference; lastKnownFileType = sourcecode.swift; path = Post.swift; sourceTree = "<group>"; };
		0766405A215566C1003A075F /* PostCell.swift */ = {isa = PBXFileReference; lastKnownFileType = sourcecode.swift; path = PostCell.swift; sourceTree = "<group>"; };
		0766405C2159552E003A075F /* ComposeVC.swift */ = {isa = PBXFileReference; lastKnownFileType = sourcecode.swift; path = ComposeVC.swift; sourceTree = "<group>"; };
		0766405E215C2D62003A075F /* RoundedButton.swift */ = {isa = PBXFileReference; lastKnownFileType = sourcecode.swift; path = RoundedButton.swift; sourceTree = "<group>"; };
		0768AC52214A0CDE004E1B57 /* SubMeet.app */ = {isa = PBXFileReference; explicitFileType = wrapper.application; includeInIndex = 0; path = SubMeet.app; sourceTree = BUILT_PRODUCTS_DIR; };
		0768AC55214A0CDE004E1B57 /* AppDelegate.swift */ = {isa = PBXFileReference; lastKnownFileType = sourcecode.swift; path = AppDelegate.swift; sourceTree = "<group>"; };
		0768AC5A214A0CDE004E1B57 /* Base */ = {isa = PBXFileReference; lastKnownFileType = file.storyboard; name = Base; path = Base.lproj/Main.storyboard; sourceTree = "<group>"; };
		0768AC5C214A0CE2004E1B57 /* Assets.xcassets */ = {isa = PBXFileReference; lastKnownFileType = folder.assetcatalog; path = Assets.xcassets; sourceTree = "<group>"; };
		0768AC5F214A0CE2004E1B57 /* Base */ = {isa = PBXFileReference; lastKnownFileType = file.storyboard; name = Base; path = Base.lproj/LaunchScreen.storyboard; sourceTree = "<group>"; };
		0768AC61214A0CE2004E1B57 /* Info.plist */ = {isa = PBXFileReference; lastKnownFileType = text.plist.xml; path = Info.plist; sourceTree = "<group>"; };
		0768AC66214A0CE2004E1B57 /* SubMeetTests.xctest */ = {isa = PBXFileReference; explicitFileType = wrapper.cfbundle; includeInIndex = 0; path = SubMeetTests.xctest; sourceTree = BUILT_PRODUCTS_DIR; };
		0768AC6A214A0CE2004E1B57 /* gibberTests.swift */ = {isa = PBXFileReference; lastKnownFileType = sourcecode.swift; path = gibberTests.swift; sourceTree = "<group>"; };
		0768AC6C214A0CE2004E1B57 /* Info.plist */ = {isa = PBXFileReference; lastKnownFileType = text.plist.xml; path = Info.plist; sourceTree = "<group>"; };
		0768AC71214A0CE2004E1B57 /* SubMeetUITests.xctest */ = {isa = PBXFileReference; explicitFileType = wrapper.cfbundle; includeInIndex = 0; path = SubMeetUITests.xctest; sourceTree = BUILT_PRODUCTS_DIR; };
		0768AC75214A0CE2004E1B57 /* gibberUITests.swift */ = {isa = PBXFileReference; lastKnownFileType = sourcecode.swift; path = gibberUITests.swift; sourceTree = "<group>"; };
		0768AC77214A0CE2004E1B57 /* Info.plist */ = {isa = PBXFileReference; lastKnownFileType = text.plist.xml; path = Info.plist; sourceTree = "<group>"; };
		0768AC85214A1CE2004E1B57 /* Podfile */ = {isa = PBXFileReference; lastKnownFileType = text; path = Podfile; sourceTree = "<group>"; xcLanguageSpecificationIdentifier = xcode.lang.ruby; };
		0768AC89214A204D004E1B57 /* GoogleService-Info.plist */ = {isa = PBXFileReference; fileEncoding = 4; lastKnownFileType = text.plist.xml; path = "GoogleService-Info.plist"; sourceTree = "<group>"; };
		0768ACCB214ADB70004E1B57 /* LoginViewController.swift */ = {isa = PBXFileReference; lastKnownFileType = sourcecode.swift; path = LoginViewController.swift; sourceTree = "<group>"; };
		0789253F21520C66004D02F1 /* UserProfile.swift */ = {isa = PBXFileReference; lastKnownFileType = sourcecode.swift; path = UserProfile.swift; sourceTree = "<group>"; };
		D2D3B646CC993505526B2DB3 /* Pods_SubMeet.framework */ = {isa = PBXFileReference; explicitFileType = wrapper.framework; includeInIndex = 0; path = Pods_SubMeet.framework; sourceTree = BUILT_PRODUCTS_DIR; };
		D4659CB8A4964F6E82535613 /* Pods-SubMeet.debug.xcconfig */ = {isa = PBXFileReference; includeInIndex = 1; lastKnownFileType = text.xcconfig; name = "Pods-SubMeet.debug.xcconfig"; path = "Pods/Target Support Files/Pods-SubMeet/Pods-SubMeet.debug.xcconfig"; sourceTree = "<group>"; };
		FC440038B6F64E0DC33ECDA3 /* Pods-SubMeet.release.xcconfig */ = {isa = PBXFileReference; includeInIndex = 1; lastKnownFileType = text.xcconfig; name = "Pods-SubMeet.release.xcconfig"; path = "Pods/Target Support Files/Pods-SubMeet/Pods-SubMeet.release.xcconfig"; sourceTree = "<group>"; };
/* End PBXFileReference section */

/* Begin PBXFrameworksBuildPhase section */
		0768AC4F214A0CDE004E1B57 /* Frameworks */ = {
			isa = PBXFrameworksBuildPhase;
			buildActionMask = 2147483647;
			files = (
				85F19192F7D57B7A5471DBED /* Pods_SubMeet.framework in Frameworks */,
			);
			runOnlyForDeploymentPostprocessing = 0;
		};
		0768AC63214A0CE2004E1B57 /* Frameworks */ = {
			isa = PBXFrameworksBuildPhase;
			buildActionMask = 2147483647;
			files = (
			);
			runOnlyForDeploymentPostprocessing = 0;
		};
		0768AC6E214A0CE2004E1B57 /* Frameworks */ = {
			isa = PBXFrameworksBuildPhase;
			buildActionMask = 2147483647;
			files = (
			);
			runOnlyForDeploymentPostprocessing = 0;
		};
/* End PBXFrameworksBuildPhase section */

/* Begin PBXGroup section */
		07163B8E215FF52100FE2EF9 /* Custom Cells */ = {
			isa = PBXGroup;
			children = (
				0766405A215566C1003A075F /* PostCell.swift */,
				07163B88215FEEE200FE2EF9 /* ConnectCell.swift */,
				07163B86215F3C2800FE2EF9 /* UserInfoCell.swift */,
				07163B972160309300FE2EF9 /* MessageCell.swift */,
			);
			path = "Custom Cells";
			sourceTree = "<group>";
		};
		07163B8F215FF53B00FE2EF9 /* View Controllers */ = {
			isa = PBXGroup;
			children = (
				07163B9321601BC500FE2EF9 /* MessageVC.swift */,
				0766405C2159552E003A075F /* ComposeVC.swift */,
				07163B8C215FF4F900FE2EF9 /* ConnectVC.swift */,
				07163B80215C372A00FE2EF9 /* UserVC.swift */,
				0768ACCB214ADB70004E1B57 /* LoginViewController.swift */,
				0750334F2150082600AA6077 /* SignUpVC.swift */,
				0750335121500B9C00AA6077 /* FeedVC.swift */,
				07163B82215DC48B00FE2EF9 /* TabBarController.swift */,
			);
			path = "View Controllers";
			sourceTree = "<group>";
		};
		07163B90215FF55C00FE2EF9 /* Custom Classes */ = {
			isa = PBXGroup;
			children = (
				07664058215551DC003A075F /* Post.swift */,
				07163B8A215FEF9200FE2EF9 /* Connect.swift */,
				07163B9521602D8400FE2EF9 /* Message.swift */,
			);
			path = "Custom Classes";
			sourceTree = "<group>";
		};
		0768AC49214A0CDD004E1B57 = {
			isa = PBXGroup;
			children = (
				0768AC85214A1CE2004E1B57 /* Podfile */,
				0768AC54214A0CDE004E1B57 /* SubMeet */,
				0768AC69214A0CE2004E1B57 /* gibberTests */,
				0768AC74214A0CE2004E1B57 /* gibberUITests */,
				0768AC53214A0CDE004E1B57 /* Products */,
				FCDCEBFF2296717CD815273D /* Pods */,
				9BF34FD698CF5612AC6ED26B /* Frameworks */,
			);
			sourceTree = "<group>";
		};
		0768AC53214A0CDE004E1B57 /* Products */ = {
			isa = PBXGroup;
			children = (
				0768AC52214A0CDE004E1B57 /* SubMeet.app */,
				0768AC66214A0CE2004E1B57 /* SubMeetTests.xctest */,
				0768AC71214A0CE2004E1B57 /* SubMeetUITests.xctest */,
			);
			name = Products;
			sourceTree = "<group>";
		};
		0768AC54214A0CDE004E1B57 /* SubMeet */ = {
			isa = PBXGroup;
			children = (
				07163B90215FF55C00FE2EF9 /* Custom Classes */,
				07163B8F215FF53B00FE2EF9 /* View Controllers */,
				07163B8E215FF52100FE2EF9 /* Custom Cells */,
				0768ACCD214AF8A5004E1B57 /* View */,
				0768AC55214A0CDE004E1B57 /* AppDelegate.swift */,
				0768AC59214A0CDE004E1B57 /* Main.storyboard */,
				0768AC5C214A0CE2004E1B57 /* Assets.xcassets */,
				0768AC5E214A0CE2004E1B57 /* LaunchScreen.storyboard */,
				0768AC89214A204D004E1B57 /* GoogleService-Info.plist */,
				0768AC61214A0CE2004E1B57 /* Info.plist */,
			);
			path = SubMeet;
			sourceTree = "<group>";
		};
		0768AC69214A0CE2004E1B57 /* gibberTests */ = {
			isa = PBXGroup;
			children = (
				0768AC6A214A0CE2004E1B57 /* gibberTests.swift */,
				0768AC6C214A0CE2004E1B57 /* Info.plist */,
			);
			path = gibberTests;
			sourceTree = "<group>";
		};
		0768AC74214A0CE2004E1B57 /* gibberUITests */ = {
			isa = PBXGroup;
			children = (
				0768AC75214A0CE2004E1B57 /* gibberUITests.swift */,
				0768AC77214A0CE2004E1B57 /* Info.plist */,
			);
			path = gibberUITests;
			sourceTree = "<group>";
		};
		0768ACCD214AF8A5004E1B57 /* View */ = {
			isa = PBXGroup;
			children = (
				0766405E215C2D62003A075F /* RoundedButton.swift */,
				0789253F21520C66004D02F1 /* UserProfile.swift */,
				07163B99216031BD00FE2EF9 /* MessageView.swift */,
				07163B9B2162846C00FE2EF9 /* CellNotificationView.swift */,
			);
			path = View;
			sourceTree = "<group>";
		};
		9BF34FD698CF5612AC6ED26B /* Frameworks */ = {
			isa = PBXGroup;
			children = (
				D2D3B646CC993505526B2DB3 /* Pods_SubMeet.framework */,
			);
			name = Frameworks;
			sourceTree = "<group>";
		};
		FCDCEBFF2296717CD815273D /* Pods */ = {
			isa = PBXGroup;
			children = (
				D4659CB8A4964F6E82535613 /* Pods-SubMeet.debug.xcconfig */,
				FC440038B6F64E0DC33ECDA3 /* Pods-SubMeet.release.xcconfig */,
			);
			name = Pods;
			sourceTree = "<group>";
		};
/* End PBXGroup section */

/* Begin PBXNativeTarget section */
		0768AC51214A0CDE004E1B57 /* SubMeet */ = {
			isa = PBXNativeTarget;
			buildConfigurationList = 0768AC7A214A0CE3004E1B57 /* Build configuration list for PBXNativeTarget "SubMeet" */;
			buildPhases = (
				7CDFB5C66EE15CBC3DC4F866 /* [CP] Check Pods Manifest.lock */,
				0768AC4E214A0CDE004E1B57 /* Sources */,
				0768AC4F214A0CDE004E1B57 /* Frameworks */,
				0768AC50214A0CDE004E1B57 /* Resources */,
				7B269AC8FFD55B34ACD5EF1E /* [CP] Embed Pods Frameworks */,
			);
			buildRules = (
			);
			dependencies = (
			);
			name = SubMeet;
			productName = gibber;
			productReference = 0768AC52214A0CDE004E1B57 /* SubMeet.app */;
			productType = "com.apple.product-type.application";
		};
		0768AC65214A0CE2004E1B57 /* SubMeetTests */ = {
			isa = PBXNativeTarget;
			buildConfigurationList = 0768AC7D214A0CE3004E1B57 /* Build configuration list for PBXNativeTarget "SubMeetTests" */;
			buildPhases = (
				0768AC62214A0CE2004E1B57 /* Sources */,
				0768AC63214A0CE2004E1B57 /* Frameworks */,
				0768AC64214A0CE2004E1B57 /* Resources */,
			);
			buildRules = (
			);
			dependencies = (
				0768AC68214A0CE2004E1B57 /* PBXTargetDependency */,
			);
			name = SubMeetTests;
			productName = gibberTests;
			productReference = 0768AC66214A0CE2004E1B57 /* SubMeetTests.xctest */;
			productType = "com.apple.product-type.bundle.unit-test";
		};
		0768AC70214A0CE2004E1B57 /* SubMeetUITests */ = {
			isa = PBXNativeTarget;
			buildConfigurationList = 0768AC80214A0CE3004E1B57 /* Build configuration list for PBXNativeTarget "SubMeetUITests" */;
			buildPhases = (
				0768AC6D214A0CE2004E1B57 /* Sources */,
				0768AC6E214A0CE2004E1B57 /* Frameworks */,
				0768AC6F214A0CE2004E1B57 /* Resources */,
			);
			buildRules = (
			);
			dependencies = (
				0768AC73214A0CE2004E1B57 /* PBXTargetDependency */,
			);
			name = SubMeetUITests;
			productName = gibberUITests;
			productReference = 0768AC71214A0CE2004E1B57 /* SubMeetUITests.xctest */;
			productType = "com.apple.product-type.bundle.ui-testing";
		};
/* End PBXNativeTarget section */

/* Begin PBXProject section */
		0768AC4A214A0CDD004E1B57 /* Project object */ = {
			isa = PBXProject;
			attributes = {
				LastSwiftUpdateCheck = 0940;
				LastUpgradeCheck = 0940;
				ORGANIZATIONNAME = nyu.edu;
				TargetAttributes = {
					0768AC51214A0CDE004E1B57 = {
						CreatedOnToolsVersion = 9.4.1;
					};
					0768AC65214A0CE2004E1B57 = {
						CreatedOnToolsVersion = 9.4.1;
						TestTargetID = 0768AC51214A0CDE004E1B57;
					};
					0768AC70214A0CE2004E1B57 = {
						CreatedOnToolsVersion = 9.4.1;
						TestTargetID = 0768AC51214A0CDE004E1B57;
					};
				};
			};
			buildConfigurationList = 0768AC4D214A0CDD004E1B57 /* Build configuration list for PBXProject "SubMeet" */;
			compatibilityVersion = "Xcode 9.3";
			developmentRegion = en;
			hasScannedForEncodings = 0;
			knownRegions = (
				en,
				Base,
			);
			mainGroup = 0768AC49214A0CDD004E1B57;
			productRefGroup = 0768AC53214A0CDE004E1B57 /* Products */;
			projectDirPath = "";
			projectRoot = "";
			targets = (
				0768AC51214A0CDE004E1B57 /* SubMeet */,
				0768AC65214A0CE2004E1B57 /* SubMeetTests */,
				0768AC70214A0CE2004E1B57 /* SubMeetUITests */,
			);
		};
/* End PBXProject section */

/* Begin PBXResourcesBuildPhase section */
		0768AC50214A0CDE004E1B57 /* Resources */ = {
			isa = PBXResourcesBuildPhase;
			buildActionMask = 2147483647;
			files = (
				0768AC60214A0CE2004E1B57 /* LaunchScreen.storyboard in Resources */,
				0768AC5D214A0CE2004E1B57 /* Assets.xcassets in Resources */,
				0768AC86214A1CE2004E1B57 /* Podfile in Resources */,
				0768AC8A214A204D004E1B57 /* GoogleService-Info.plist in Resources */,
				0768AC5B214A0CDE004E1B57 /* Main.storyboard in Resources */,
			);
			runOnlyForDeploymentPostprocessing = 0;
		};
		0768AC64214A0CE2004E1B57 /* Resources */ = {
			isa = PBXResourcesBuildPhase;
			buildActionMask = 2147483647;
			files = (
				0768AC8B214A205B004E1B57 /* GoogleService-Info.plist in Resources */,
			);
			runOnlyForDeploymentPostprocessing = 0;
		};
		0768AC6F214A0CE2004E1B57 /* Resources */ = {
			isa = PBXResourcesBuildPhase;
			buildActionMask = 2147483647;
			files = (
				0768AC8C214A205C004E1B57 /* GoogleService-Info.plist in Resources */,
			);
			runOnlyForDeploymentPostprocessing = 0;
		};
/* End PBXResourcesBuildPhase section */

/* Begin PBXShellScriptBuildPhase section */
		7B269AC8FFD55B34ACD5EF1E /* [CP] Embed Pods Frameworks */ = {
			isa = PBXShellScriptBuildPhase;
			buildActionMask = 2147483647;
			files = (
			);
			inputPaths = (
				"${SRCROOT}/Pods/Target Support Files/Pods-SubMeet/Pods-SubMeet-frameworks.sh",
				"${BUILT_PRODUCTS_DIR}/GTMSessionFetcher/GTMSessionFetcher.framework",
				"${BUILT_PRODUCTS_DIR}/GoogleToolboxForMac/GoogleToolboxForMac.framework",
				"${BUILT_PRODUCTS_DIR}/SwiftKeychainWrapper/SwiftKeychainWrapper.framework",
				"${BUILT_PRODUCTS_DIR}/leveldb-library/leveldb.framework",
				"${BUILT_PRODUCTS_DIR}/nanopb/nanopb.framework",
			);
			name = "[CP] Embed Pods Frameworks";
			outputPaths = (
				"${TARGET_BUILD_DIR}/${FRAMEWORKS_FOLDER_PATH}/GTMSessionFetcher.framework",
				"${TARGET_BUILD_DIR}/${FRAMEWORKS_FOLDER_PATH}/GoogleToolboxForMac.framework",
				"${TARGET_BUILD_DIR}/${FRAMEWORKS_FOLDER_PATH}/SwiftKeychainWrapper.framework",
				"${TARGET_BUILD_DIR}/${FRAMEWORKS_FOLDER_PATH}/leveldb.framework",
				"${TARGET_BUILD_DIR}/${FRAMEWORKS_FOLDER_PATH}/nanopb.framework",
			);
			runOnlyForDeploymentPostprocessing = 0;
			shellPath = /bin/sh;
			shellScript = "\"${SRCROOT}/Pods/Target Support Files/Pods-SubMeet/Pods-SubMeet-frameworks.sh\"\n";
			showEnvVarsInLog = 0;
		};
		7CDFB5C66EE15CBC3DC4F866 /* [CP] Check Pods Manifest.lock */ = {
			isa = PBXShellScriptBuildPhase;
			buildActionMask = 2147483647;
			files = (
			);
			inputPaths = (
				"${PODS_PODFILE_DIR_PATH}/Podfile.lock",
				"${PODS_ROOT}/Manifest.lock",
			);
			name = "[CP] Check Pods Manifest.lock";
			outputPaths = (
				"$(DERIVED_FILE_DIR)/Pods-SubMeet-checkManifestLockResult.txt",
			);
			runOnlyForDeploymentPostprocessing = 0;
			shellPath = /bin/sh;
			shellScript = "diff \"${PODS_PODFILE_DIR_PATH}/Podfile.lock\" \"${PODS_ROOT}/Manifest.lock\" > /dev/null\nif [ $? != 0 ] ; then\n    # print error to STDERR\n    echo \"error: The sandbox is not in sync with the Podfile.lock. Run 'pod install' or update your CocoaPods installation.\" >&2\n    exit 1\nfi\n# This output is used by Xcode 'outputs' to avoid re-running this script phase.\necho \"SUCCESS\" > \"${SCRIPT_OUTPUT_FILE_0}\"\n";
			showEnvVarsInLog = 0;
		};
/* End PBXShellScriptBuildPhase section */

/* Begin PBXSourcesBuildPhase section */
		0768AC4E214A0CDE004E1B57 /* Sources */ = {
			isa = PBXSourcesBuildPhase;
			buildActionMask = 2147483647;
			files = (
				0766405B215566C1003A075F /* PostCell.swift in Sources */,
				07163B81215C372A00FE2EF9 /* UserVC.swift in Sources */,
				07163B89215FEEE200FE2EF9 /* ConnectCell.swift in Sources */,
				07163B9621602D8400FE2EF9 /* Message.swift in Sources */,
				07163B83215DC48B00FE2EF9 /* TabBarController.swift in Sources */,
				07163B8B215FEF9200FE2EF9 /* Connect.swift in Sources */,
				0766405D2159552E003A075F /* ComposeVC.swift in Sources */,
				07163B8D215FF4F900FE2EF9 /* ConnectVC.swift in Sources */,
				0750335221500B9C00AA6077 /* FeedVC.swift in Sources */,
				07163B9421601BC500FE2EF9 /* MessageVC.swift in Sources */,
				07664059215551DC003A075F /* Post.swift in Sources */,
				07163B9C2162846C00FE2EF9 /* CellNotificationView.swift in Sources */,
				07163B9A216031BD00FE2EF9 /* MessageView.swift in Sources */,
				0766405F215C2D62003A075F /* RoundedButton.swift in Sources */,
				0768ACCC214ADB70004E1B57 /* LoginViewController.swift in Sources */,
				07163B87215F3C2800FE2EF9 /* UserInfoCell.swift in Sources */,
				0789254021520C66004D02F1 /* UserProfile.swift in Sources */,
				075033502150082600AA6077 /* SignUpVC.swift in Sources */,
				0768AC56214A0CDE004E1B57 /* AppDelegate.swift in Sources */,
				07163B982160309300FE2EF9 /* MessageCell.swift in Sources */,
			);
			runOnlyForDeploymentPostprocessing = 0;
		};
		0768AC62214A0CE2004E1B57 /* Sources */ = {
			isa = PBXSourcesBuildPhase;
			buildActionMask = 2147483647;
			files = (
				0768AC6B214A0CE2004E1B57 /* gibberTests.swift in Sources */,
			);
			runOnlyForDeploymentPostprocessing = 0;
		};
		0768AC6D214A0CE2004E1B57 /* Sources */ = {
			isa = PBXSourcesBuildPhase;
			buildActionMask = 2147483647;
			files = (
				0768AC76214A0CE2004E1B57 /* gibberUITests.swift in Sources */,
			);
			runOnlyForDeploymentPostprocessing = 0;
		};
/* End PBXSourcesBuildPhase section */

/* Begin PBXTargetDependency section */
		0768AC68214A0CE2004E1B57 /* PBXTargetDependency */ = {
			isa = PBXTargetDependency;
			target = 0768AC51214A0CDE004E1B57 /* SubMeet */;
			targetProxy = 0768AC67214A0CE2004E1B57 /* PBXContainerItemProxy */;
		};
		0768AC73214A0CE2004E1B57 /* PBXTargetDependency */ = {
			isa = PBXTargetDependency;
			target = 0768AC51214A0CDE004E1B57 /* SubMeet */;
			targetProxy = 0768AC72214A0CE2004E1B57 /* PBXContainerItemProxy */;
		};
/* End PBXTargetDependency section */

/* Begin PBXVariantGroup section */
		0768AC59214A0CDE004E1B57 /* Main.storyboard */ = {
			isa = PBXVariantGroup;
			children = (
				0768AC5A214A0CDE004E1B57 /* Base */,
			);
			name = Main.storyboard;
			sourceTree = "<group>";
		};
		0768AC5E214A0CE2004E1B57 /* LaunchScreen.storyboard */ = {
			isa = PBXVariantGroup;
			children = (
				0768AC5F214A0CE2004E1B57 /* Base */,
			);
			name = LaunchScreen.storyboard;
			sourceTree = "<group>";
		};
/* End PBXVariantGroup section */

/* Begin XCBuildConfiguration section */
		0768AC78214A0CE3004E1B57 /* Debug */ = {
			isa = XCBuildConfiguration;
			buildSettings = {
				ALWAYS_SEARCH_USER_PATHS = NO;
				CLANG_ANALYZER_NONNULL = YES;
				CLANG_ANALYZER_NUMBER_OBJECT_CONVERSION = YES_AGGRESSIVE;
				CLANG_CXX_LANGUAGE_STANDARD = "gnu++14";
				CLANG_CXX_LIBRARY = "libc++";
				CLANG_ENABLE_MODULES = YES;
				CLANG_ENABLE_OBJC_ARC = YES;
				CLANG_ENABLE_OBJC_WEAK = YES;
				CLANG_WARN_BLOCK_CAPTURE_AUTORELEASING = YES;
				CLANG_WARN_BOOL_CONVERSION = YES;
				CLANG_WARN_COMMA = YES;
				CLANG_WARN_CONSTANT_CONVERSION = YES;
				CLANG_WARN_DEPRECATED_OBJC_IMPLEMENTATIONS = YES;
				CLANG_WARN_DIRECT_OBJC_ISA_USAGE = YES_ERROR;
				CLANG_WARN_DOCUMENTATION_COMMENTS = YES;
				CLANG_WARN_EMPTY_BODY = YES;
				CLANG_WARN_ENUM_CONVERSION = YES;
				CLANG_WARN_INFINITE_RECURSION = YES;
				CLANG_WARN_INT_CONVERSION = YES;
				CLANG_WARN_NON_LITERAL_NULL_CONVERSION = YES;
				CLANG_WARN_OBJC_IMPLICIT_RETAIN_SELF = YES;
				CLANG_WARN_OBJC_LITERAL_CONVERSION = YES;
				CLANG_WARN_OBJC_ROOT_CLASS = YES_ERROR;
				CLANG_WARN_RANGE_LOOP_ANALYSIS = YES;
				CLANG_WARN_STRICT_PROTOTYPES = YES;
				CLANG_WARN_SUSPICIOUS_MOVE = YES;
				CLANG_WARN_UNGUARDED_AVAILABILITY = YES_AGGRESSIVE;
				CLANG_WARN_UNREACHABLE_CODE = YES;
				CLANG_WARN__DUPLICATE_METHOD_MATCH = YES;
				CODE_SIGN_IDENTITY = "iPhone Developer";
				COPY_PHASE_STRIP = NO;
				DEBUG_INFORMATION_FORMAT = dwarf;
				ENABLE_STRICT_OBJC_MSGSEND = YES;
				ENABLE_TESTABILITY = YES;
				GCC_C_LANGUAGE_STANDARD = gnu11;
				GCC_DYNAMIC_NO_PIC = NO;
				GCC_NO_COMMON_BLOCKS = YES;
				GCC_OPTIMIZATION_LEVEL = 0;
				GCC_PREPROCESSOR_DEFINITIONS = (
					"DEBUG=1",
					"$(inherited)",
				);
				GCC_WARN_64_TO_32_BIT_CONVERSION = YES;
				GCC_WARN_ABOUT_RETURN_TYPE = YES_ERROR;
				GCC_WARN_UNDECLARED_SELECTOR = YES;
				GCC_WARN_UNINITIALIZED_AUTOS = YES_AGGRESSIVE;
				GCC_WARN_UNUSED_FUNCTION = YES;
				GCC_WARN_UNUSED_VARIABLE = YES;
				IPHONEOS_DEPLOYMENT_TARGET = 11.4;
				MTL_ENABLE_DEBUG_INFO = YES;
				ONLY_ACTIVE_ARCH = YES;
				SDKROOT = iphoneos;
				SWIFT_ACTIVE_COMPILATION_CONDITIONS = DEBUG;
				SWIFT_OPTIMIZATION_LEVEL = "-Onone";
				SWIFT_PRECOMPILE_BRIDGING_HEADER = YES;
			};
			name = Debug;
		};
		0768AC79214A0CE3004E1B57 /* Release */ = {
			isa = XCBuildConfiguration;
			buildSettings = {
				ALWAYS_SEARCH_USER_PATHS = NO;
				CLANG_ANALYZER_NONNULL = YES;
				CLANG_ANALYZER_NUMBER_OBJECT_CONVERSION = YES_AGGRESSIVE;
				CLANG_CXX_LANGUAGE_STANDARD = "gnu++14";
				CLANG_CXX_LIBRARY = "libc++";
				CLANG_ENABLE_MODULES = YES;
				CLANG_ENABLE_OBJC_ARC = YES;
				CLANG_ENABLE_OBJC_WEAK = YES;
				CLANG_WARN_BLOCK_CAPTURE_AUTORELEASING = YES;
				CLANG_WARN_BOOL_CONVERSION = YES;
				CLANG_WARN_COMMA = YES;
				CLANG_WARN_CONSTANT_CONVERSION = YES;
				CLANG_WARN_DEPRECATED_OBJC_IMPLEMENTATIONS = YES;
				CLANG_WARN_DIRECT_OBJC_ISA_USAGE = YES_ERROR;
				CLANG_WARN_DOCUMENTATION_COMMENTS = YES;
				CLANG_WARN_EMPTY_BODY = YES;
				CLANG_WARN_ENUM_CONVERSION = YES;
				CLANG_WARN_INFINITE_RECURSION = YES;
				CLANG_WARN_INT_CONVERSION = YES;
				CLANG_WARN_NON_LITERAL_NULL_CONVERSION = YES;
				CLANG_WARN_OBJC_IMPLICIT_RETAIN_SELF = YES;
				CLANG_WARN_OBJC_LITERAL_CONVERSION = YES;
				CLANG_WARN_OBJC_ROOT_CLASS = YES_ERROR;
				CLANG_WARN_RANGE_LOOP_ANALYSIS = YES;
				CLANG_WARN_STRICT_PROTOTYPES = YES;
				CLANG_WARN_SUSPICIOUS_MOVE = YES;
				CLANG_WARN_UNGUARDED_AVAILABILITY = YES_AGGRESSIVE;
				CLANG_WARN_UNREACHABLE_CODE = YES;
				CLANG_WARN__DUPLICATE_METHOD_MATCH = YES;
				CODE_SIGN_IDENTITY = "iPhone Developer";
				COPY_PHASE_STRIP = NO;
				DEBUG_INFORMATION_FORMAT = "dwarf-with-dsym";
				ENABLE_NS_ASSERTIONS = NO;
				ENABLE_STRICT_OBJC_MSGSEND = YES;
				GCC_C_LANGUAGE_STANDARD = gnu11;
				GCC_NO_COMMON_BLOCKS = YES;
				GCC_WARN_64_TO_32_BIT_CONVERSION = YES;
				GCC_WARN_ABOUT_RETURN_TYPE = YES_ERROR;
				GCC_WARN_UNDECLARED_SELECTOR = YES;
				GCC_WARN_UNINITIALIZED_AUTOS = YES_AGGRESSIVE;
				GCC_WARN_UNUSED_FUNCTION = YES;
				GCC_WARN_UNUSED_VARIABLE = YES;
				IPHONEOS_DEPLOYMENT_TARGET = 11.4;
				MTL_ENABLE_DEBUG_INFO = NO;
				SDKROOT = iphoneos;
				SWIFT_COMPILATION_MODE = wholemodule;
				SWIFT_OPTIMIZATION_LEVEL = "-O";
				SWIFT_PRECOMPILE_BRIDGING_HEADER = YES;
				VALIDATE_PRODUCT = YES;
			};
			name = Release;
		};
		0768AC7B214A0CE3004E1B57 /* Debug */ = {
			isa = XCBuildConfiguration;
			baseConfigurationReference = D4659CB8A4964F6E82535613 /* Pods-SubMeet.debug.xcconfig */;
			buildSettings = {
				ASSETCATALOG_COMPILER_APPICON_NAME = AppIcon;
				CODE_SIGN_STYLE = Automatic;
				DEVELOPMENT_TEAM = 59S3NEYJ77;
				INFOPLIST_FILE = SubMeet/Info.plist;
				LD_RUNPATH_SEARCH_PATHS = (
					"$(inherited)",
					"@executable_path/Frameworks",
				);
				PRODUCT_BUNDLE_IDENTIFIER = nyu.gibber;
				PRODUCT_NAME = "$(TARGET_NAME)";
				SWIFT_OBJC_BRIDGING_HEADER = "";
				SWIFT_VERSION = 4.0;
				TARGETED_DEVICE_FAMILY = "1,2";
			};
			name = Debug;
		};
		0768AC7C214A0CE3004E1B57 /* Release */ = {
			isa = XCBuildConfiguration;
			baseConfigurationReference = FC440038B6F64E0DC33ECDA3 /* Pods-SubMeet.release.xcconfig */;
			buildSettings = {
				ASSETCATALOG_COMPILER_APPICON_NAME = AppIcon;
				CODE_SIGN_STYLE = Automatic;
				DEVELOPMENT_TEAM = 59S3NEYJ77;
				INFOPLIST_FILE = SubMeet/Info.plist;
				LD_RUNPATH_SEARCH_PATHS = (
					"$(inherited)",
					"@executable_path/Frameworks",
				);
				PRODUCT_BUNDLE_IDENTIFIER = nyu.gibber;
				PRODUCT_NAME = "$(TARGET_NAME)";
				SWIFT_OBJC_BRIDGING_HEADER = "";
				SWIFT_VERSION = 4.0;
				TARGETED_DEVICE_FAMILY = "1,2";
			};
			name = Release;
		};
		0768AC7E214A0CE3004E1B57 /* Debug */ = {
			isa = XCBuildConfiguration;
			buildSettings = {
				ALWAYS_EMBED_SWIFT_STANDARD_LIBRARIES = YES;
				BUNDLE_LOADER = "$(TEST_HOST)";
				CODE_SIGN_STYLE = Automatic;
				DEVELOPMENT_TEAM = 59S3NEYJ77;
				INFOPLIST_FILE = gibberTests/Info.plist;
				LD_RUNPATH_SEARCH_PATHS = (
					"$(inherited)",
					"@executable_path/Frameworks",
					"@loader_path/Frameworks",
				);
				PRODUCT_BUNDLE_IDENTIFIER = nyu.gibberTests;
				PRODUCT_NAME = "$(TARGET_NAME)";
				SWIFT_VERSION = 4.0;
				TARGETED_DEVICE_FAMILY = "1,2";
				TEST_HOST = "$(BUILT_PRODUCTS_DIR)/SubMeet.app/SubMeet";
			};
			name = Debug;
		};
		0768AC7F214A0CE3004E1B57 /* Release */ = {
			isa = XCBuildConfiguration;
			buildSettings = {
				ALWAYS_EMBED_SWIFT_STANDARD_LIBRARIES = YES;
				BUNDLE_LOADER = "$(TEST_HOST)";
				CODE_SIGN_STYLE = Automatic;
				DEVELOPMENT_TEAM = 59S3NEYJ77;
				INFOPLIST_FILE = gibberTests/Info.plist;
				LD_RUNPATH_SEARCH_PATHS = (
					"$(inherited)",
					"@executable_path/Frameworks",
					"@loader_path/Frameworks",
				);
				PRODUCT_BUNDLE_IDENTIFIER = nyu.gibberTests;
				PRODUCT_NAME = "$(TARGET_NAME)";
				SWIFT_VERSION = 4.0;
				TARGETED_DEVICE_FAMILY = "1,2";
				TEST_HOST = "$(BUILT_PRODUCTS_DIR)/SubMeet.app/SubMeet";
			};
			name = Release;
		};
		0768AC81214A0CE3004E1B57 /* Debug */ = {
			isa = XCBuildConfiguration;
			buildSettings = {
				ALWAYS_EMBED_SWIFT_STANDARD_LIBRARIES = YES;
				CODE_SIGN_STYLE = Automatic;
				DEVELOPMENT_TEAM = 59S3NEYJ77;
				INFOPLIST_FILE = gibberUITests/Info.plist;
				LD_RUNPATH_SEARCH_PATHS = (
					"$(inherited)",
					"@executable_path/Frameworks",
					"@loader_path/Frameworks",
				);
				PRODUCT_BUNDLE_IDENTIFIER = nyu.gibberUITests;
				PRODUCT_NAME = "$(TARGET_NAME)";
				SWIFT_VERSION = 4.0;
				TARGETED_DEVICE_FAMILY = "1,2";
				TEST_TARGET_NAME = gibber;
			};
			name = Debug;
		};
		0768AC82214A0CE3004E1B57 /* Release */ = {
			isa = XCBuildConfiguration;
			buildSettings = {
				ALWAYS_EMBED_SWIFT_STANDARD_LIBRARIES = YES;
				CODE_SIGN_STYLE = Automatic;
				DEVELOPMENT_TEAM = 59S3NEYJ77;
				INFOPLIST_FILE = gibberUITests/Info.plist;
				LD_RUNPATH_SEARCH_PATHS = (
					"$(inherited)",
					"@executable_path/Frameworks",
					"@loader_path/Frameworks",
				);
				PRODUCT_BUNDLE_IDENTIFIER = nyu.gibberUITests;
				PRODUCT_NAME = "$(TARGET_NAME)";
				SWIFT_VERSION = 4.0;
				TARGETED_DEVICE_FAMILY = "1,2";
				TEST_TARGET_NAME = gibber;
			};
			name = Release;
		};
/* End XCBuildConfiguration section */

/* Begin XCConfigurationList section */
		0768AC4D214A0CDD004E1B57 /* Build configuration list for PBXProject "SubMeet" */ = {
			isa = XCConfigurationList;
			buildConfigurations = (
				0768AC78214A0CE3004E1B57 /* Debug */,
				0768AC79214A0CE3004E1B57 /* Release */,
			);
			defaultConfigurationIsVisible = 0;
			defaultConfigurationName = Release;
		};
		0768AC7A214A0CE3004E1B57 /* Build configuration list for PBXNativeTarget "SubMeet" */ = {
			isa = XCConfigurationList;
			buildConfigurations = (
				0768AC7B214A0CE3004E1B57 /* Debug */,
				0768AC7C214A0CE3004E1B57 /* Release */,
			);
			defaultConfigurationIsVisible = 0;
			defaultConfigurationName = Release;
		};
		0768AC7D214A0CE3004E1B57 /* Build configuration list for PBXNativeTarget "SubMeetTests" */ = {
			isa = XCConfigurationList;
			buildConfigurations = (
				0768AC7E214A0CE3004E1B57 /* Debug */,
				0768AC7F214A0CE3004E1B57 /* Release */,
			);
			defaultConfigurationIsVisible = 0;
			defaultConfigurationName = Release;
		};
		0768AC80214A0CE3004E1B57 /* Build configuration list for PBXNativeTarget "SubMeetUITests" */ = {
			isa = XCConfigurationList;
			buildConfigurations = (
				0768AC81214A0CE3004E1B57 /* Debug */,
				0768AC82214A0CE3004E1B57 /* Release */,
			);
			defaultConfigurationIsVisible = 0;
			defaultConfigurationName = Release;
		};
/* End XCConfigurationList section */
	};
	rootObject = 0768AC4A214A0CDD004E1B57 /* Project object */;
}
